<?xml version="1.0" encoding="utf-8"?>
<Project ToolsVersion="4.0" xmlns="http://schemas.microsoft.com/developer/msbuild/2003">
  <ItemGroup>
    <Filter Include="Odysseus">
      <UniqueIdentifier>{A4B96598-9086-C0A3-B99F-AE4BA5CBF531}</UniqueIdentifier>
    </Filter>
    <Filter Include="Odysseus\Events">
      <UniqueIdentifier>{08A53D4D-7430-AB11-7D41-2E06E94B0712}</UniqueIdentifier>
    </Filter>
    <Filter Include="Platform">
      <UniqueIdentifier>{2AC788B4-1694-E3BF-3FAD-D1672BD9184E}</UniqueIdentifier>
    </Filter>
  </ItemGroup>
  <ItemGroup>
    <ClInclude Include="src\Odysseus.h" />
    <ClInclude Include="src\Odysseus\Application.h">
      <Filter>Odysseus</Filter>
    </ClInclude>
    <ClInclude Include="src\Odysseus\Core.h">
      <Filter>Odysseus</Filter>
    </ClInclude>
    <ClInclude Include="src\Odysseus\EntryPoint.h">
      <Filter>Odysseus</Filter>
    </ClInclude>
    <ClInclude Include="src\Odysseus\Events\ApplicationEvent.h">
      <Filter>Odysseus\Events</Filter>
    </ClInclude>
    <ClInclude Include="src\Odysseus\Events\Event.h">
      <Filter>Odysseus\Events</Filter>
    </ClInclude>
    <ClInclude Include="src\Odysseus\Events\KeyEvent.h">
      <Filter>Odysseus\Events</Filter>
    </ClInclude>
    <ClInclude Include="src\Odysseus\Events\MouseEvent.h">
      <Filter>Odysseus\Events</Filter>
    </ClInclude>
    <ClInclude Include="src\Odysseus\Log.h">
      <Filter>Odysseus</Filter>
    </ClInclude>
    <ClInclude Include="src\Odysseus\Window.h">
      <Filter>Odysseus</Filter>
    </ClInclude>
    <ClInclude Include="src\Platform\WindowsWindow.h">
      <Filter>Platform</Filter>
    </ClInclude>
    <ClInclude Include="src\odcpch.h" />
  </ItemGroup>
  <ItemGroup>
    <ClCompile Include="src\Odysseus\Application.cpp">
      <Filter>Odysseus</Filter>
    </ClCompile>
    <ClCompile Include="src\Odysseus\Log.cpp">
      <Filter>Odysseus</Filter>
    </ClCompile>
    <ClCompile Include="src\Platform\WindowsWindow.cpp">
      <Filter>Platform</Filter>
    </ClCompile>
    <ClCompile Include="src\odcpch.cpp" />
  </ItemGroup>
</Project>